{
  "name": "@biotope/element",
  "version": "1.0.2",
  "lockfileVersion": 1,
  "requires": true,
  "dependencies": {
    "hyperhtml": {
      "version": "2.13.0",
      "resolved": "https://registry.npmjs.org/hyperhtml/-/hyperhtml-2.13.0.tgz",
      "integrity": "sha512-q2DxtQK9zptoZMP2ogVi22azGY/jF+V+wArFoXi3Ut8109RNhn1JHkq0cnWHqgVFlPqWcFdnpK7JSy1gR029tw==",
      "requires": {
        "lightercollective": "^0.1.0"
      }
    },
    "hyperhtml-element": {
      "version": "2.1.1",
      "resolved": "https://registry.npmjs.org/hyperhtml-element/-/hyperhtml-element-2.1.1.tgz",
      "integrity": "sha512-BZasuXCubBezyR/OTXpVQ7qWm8h0w9Ulr7Ds8en2rj/pk8UgI6wS7lIMrZdKpPgS1zzwkSM2PuCJBj70G9FQRQ==",
      "requires": {
        "hyperhtml": "^2.13.0"
      }
    },
    "lightercollective": {
      "version": "0.1.0",
      "resolved": "https://registry.npmjs.org/lightercollective/-/lightercollective-0.1.0.tgz",
      "integrity": "sha512-J9tg5uraYoQKaWbmrzDDexbG6hHnMcWS1qLYgJSWE+mpA3U5OCSeMUhb+K55otgZJ34oFdR0ECvdIb3xuO5JOQ=="
    },
    "typescript": {
      "version": "3.0.1",
      "resolved": "https://registry.npmjs.org/typescript/-/typescript-3.0.1.tgz",
      "integrity": "sha512-zQIMOmC+372pC/CCVLqnQ0zSBiY7HHodU7mpQdjiZddek4GMj31I3dUJ7gAs9o65X7mnRma6OokOkc6f9jjfBg==",
      "dev": true
    }
  }
}
