# THIS IS AN AUTOGENERATED FILE. DO NOT EDIT THIS FILE DIRECTLY.
# yarn lockfile v1


dasherize@^2.0.0:
  version "2.0.0"
  resolved "https://registry.yarnpkg.com/dasherize/-/dasherize-2.0.0.tgz#6d809c9cd0cf7bb8952d80fc84fa13d47ddb1308"

hyperhtml-element@^2.1.1:
  version "2.2.0"
  resolved "https://registry.yarnpkg.com/hyperhtml-element/-/hyperhtml-element-2.2.0.tgz#7ee96f81a49689a7a96853c6f42416cda533f72b"
  dependencies:
    hyperhtml "^2.13.0"

hyperhtml@^2.13.0:
  version "2.13.0"
  resolved "https://registry.yarnpkg.com/hyperhtml/-/hyperhtml-2.13.0.tgz#6eb43fc3dfdd0775374d0b80bb990b05aeba2213"
  dependencies:
    lightercollective "^0.1.0"

lightercollective@^0.1.0:
  version "0.1.0"
  resolved "https://registry.yarnpkg.com/lightercollective/-/lightercollective-0.1.0.tgz#70df102c530dcb8d0ccabfe6175a8d00d5f61300"

typescript@^3.0.1:
  version "3.0.1"
  resolved "https://registry.yarnpkg.com/typescript/-/typescript-3.0.1.tgz#43738f29585d3a87575520a4b93ab6026ef11fdb"
